
Microsoft Visual Studio Solution File, Format Version 12.00
# Visual Studio Version 17
VisualStudioVersion = 17.0.32112.339
MinimumVisualStudioVersion = 10.0.40219.1
Project("{9A19103F-16F7-4668-BE54-9A1E7A4F7556}") = "MyExchange.API", "MyExchange\MyExchange.API.csproj", "{7A024583-6D7C-46CF-916A-3C09F975610D}"
	ProjectSection(ProjectDependencies) = postProject
		{94A169D1-42E3-4059-85E4-C7257C8022C9} = {94A169D1-42E3-4059-85E4-C7257C8022C9}
	EndProjectSection
EndProject
Project("{9A19103F-16F7-4668-BE54-9A1E7A4F7556}") = "MyExchange.Data", "MyExchange.Data\MyExchange.Data.csproj", "{94A169D1-42E3-4059-85E4-C7257C8022C9}"
EndProject
Project("{9A19103F-16F7-4668-BE54-9A1E7A4F7556}") = "MyExchange.BusinessLogic", "MyExchange.BusinessLogic\MyExchange.BusinessLogic.csproj", "{8254C5E0-12C4-4A09-9468-409896F01C60}"
	ProjectSection(ProjectDependencies) = postProject
		{94A169D1-42E3-4059-85E4-C7257C8022C9} = {94A169D1-42E3-4059-85E4-C7257C8022C9}
	EndProjectSection
EndProject
Global
	GlobalSection(SolutionConfigurationPlatforms) = preSolution
		Debug|Any CPU = Debug|Any CPU
		Release|Any CPU = Release|Any CPU
	EndGlobalSection
	GlobalSection(ProjectConfigurationPlatforms) = postSolution
		{7A024583-6D7C-46CF-916A-3C09F975610D}.Debug|Any CPU.ActiveCfg = Debug|Any CPU
		{7A024583-6D7C-46CF-916A-3C09F975610D}.Debug|Any CPU.Build.0 = Debug|Any CPU
		{7A024583-6D7C-46CF-916A-3C09F975610D}.Release|Any CPU.ActiveCfg = Release|Any CPU
		{7A024583-6D7C-46CF-916A-3C09F975610D}.Release|Any CPU.Build.0 = Release|Any CPU
		{94A169D1-42E3-4059-85E4-C7257C8022C9}.Debug|Any CPU.ActiveCfg = Debug|Any CPU
		{94A169D1-42E3-4059-85E4-C7257C8022C9}.Debug|Any CPU.Build.0 = Debug|Any CPU
		{94A169D1-42E3-4059-85E4-C7257C8022C9}.Release|Any CPU.ActiveCfg = Release|Any CPU
		{94A169D1-42E3-4059-85E4-C7257C8022C9}.Release|Any CPU.Build.0 = Release|Any CPU
		{8254C5E0-12C4-4A09-9468-409896F01C60}.Debug|Any CPU.ActiveCfg = Debug|Any CPU
		{8254C5E0-12C4-4A09-9468-409896F01C60}.Debug|Any CPU.Build.0 = Debug|Any CPU
		{8254C5E0-12C4-4A09-9468-409896F01C60}.Release|Any CPU.ActiveCfg = Release|Any CPU
		{8254C5E0-12C4-4A09-9468-409896F01C60}.Release|Any CPU.Build.0 = Release|Any CPU
	EndGlobalSection
	GlobalSection(SolutionProperties) = preSolution
		HideSolutionNode = FALSE
	EndGlobalSection
	GlobalSection(ExtensibilityGlobals) = postSolution
		SolutionGuid = {B2E83E7C-3828-4F57-BA47-A2C9334C166E}
	EndGlobalSection
EndGlobal
